
Microsoft Visual Studio Solution File, Format Version 12.00
Project("{FAE04EC0-301F-11D3-BF4B-00C04F79EFBC}") = "ExtensionLibrary", "ExtensionLibrary\ExtensionLibrary.csproj", "{194FE04E-E8E4-461E-A6A3-B456D4E9BAF5}"
EndProject
Project("{FAE04EC0-301F-11D3-BF4B-00C04F79EFBC}") = "ShapeCreator", "ShapeCreator\ShapeCreator.csproj", "{2FF2F487-B0D4-43F7-813C-D8AB8F34FA8A}"
EndProject
Project("{FAE04EC0-301F-11D3-BF4B-00C04F79EFBC}") = "Printer", "Printer\Printer.csproj", "{B9EBEF0A-168D-493D-99BE-446C9C889366}"
EndProject
Project("{FAE04EC0-301F-11D3-BF4B-00C04F79EFBC}") = "UserInterface", "UserInterface\UserInterface.csproj", "{C8B22285-CF32-4FF4-B4F3-206DC81E1306}"
EndProject
Project("{FAE04EC0-301F-11D3-BF4B-00C04F79EFBC}") = "SharedAssets", "SharedAssets\SharedAssets.csproj", "{36247A9D-1D80-46BE-A288-BA6E150D1B03}"
EndProject
Global
	GlobalSection(SolutionConfigurationPlatforms) = preSolution
		Debug|Any CPU = Debug|Any CPU
		Release|Any CPU = Release|Any CPU
	EndGlobalSection
	GlobalSection(ProjectConfigurationPlatforms) = postSolution
		{194FE04E-E8E4-461E-A6A3-B456D4E9BAF5}.Debug|Any CPU.ActiveCfg = Debug|Any CPU
		{194FE04E-E8E4-461E-A6A3-B456D4E9BAF5}.Debug|Any CPU.Build.0 = Debug|Any CPU
		{194FE04E-E8E4-461E-A6A3-B456D4E9BAF5}.Release|Any CPU.ActiveCfg = Release|Any CPU
		{194FE04E-E8E4-461E-A6A3-B456D4E9BAF5}.Release|Any CPU.Build.0 = Release|Any CPU
		{2FF2F487-B0D4-43F7-813C-D8AB8F34FA8A}.Debug|Any CPU.ActiveCfg = Debug|Any CPU
		{2FF2F487-B0D4-43F7-813C-D8AB8F34FA8A}.Debug|Any CPU.Build.0 = Debug|Any CPU
		{2FF2F487-B0D4-43F7-813C-D8AB8F34FA8A}.Release|Any CPU.ActiveCfg = Release|Any CPU
		{2FF2F487-B0D4-43F7-813C-D8AB8F34FA8A}.Release|Any CPU.Build.0 = Release|Any CPU
		{B9EBEF0A-168D-493D-99BE-446C9C889366}.Debug|Any CPU.ActiveCfg = Debug|Any CPU
		{B9EBEF0A-168D-493D-99BE-446C9C889366}.Debug|Any CPU.Build.0 = Debug|Any CPU
		{B9EBEF0A-168D-493D-99BE-446C9C889366}.Release|Any CPU.ActiveCfg = Release|Any CPU
		{B9EBEF0A-168D-493D-99BE-446C9C889366}.Release|Any CPU.Build.0 = Release|Any CPU
		{C8B22285-CF32-4FF4-B4F3-206DC81E1306}.Debug|Any CPU.ActiveCfg = Debug|Any CPU
		{C8B22285-CF32-4FF4-B4F3-206DC81E1306}.Debug|Any CPU.Build.0 = Debug|Any CPU
		{C8B22285-CF32-4FF4-B4F3-206DC81E1306}.Release|Any CPU.ActiveCfg = Release|Any CPU
		{C8B22285-CF32-4FF4-B4F3-206DC81E1306}.Release|Any CPU.Build.0 = Release|Any CPU
		{36247A9D-1D80-46BE-A288-BA6E150D1B03}.Debug|Any CPU.ActiveCfg = Debug|Any CPU
		{36247A9D-1D80-46BE-A288-BA6E150D1B03}.Debug|Any CPU.Build.0 = Debug|Any CPU
		{36247A9D-1D80-46BE-A288-BA6E150D1B03}.Release|Any CPU.ActiveCfg = Release|Any CPU
		{36247A9D-1D80-46BE-A288-BA6E150D1B03}.Release|Any CPU.Build.0 = Release|Any CPU
	EndGlobalSection
EndGlobal
