
Microsoft Visual Studio Solution File, Format Version 12.00
Project("{FAE04EC0-301F-11D3-BF4B-00C04F79EFBC}") = "Exceptions", "Exceptions\Exceptions.csproj", "{A41C10A7-B64A-48A4-8048-38D97560483E}"
EndProject
Global
	GlobalSection(SolutionConfigurationPlatforms) = preSolution
		Debug|Any CPU = Debug|Any CPU
		Release|Any CPU = Release|Any CPU
	EndGlobalSection
	GlobalSection(ProjectConfigurationPlatforms) = postSolution
		{A41C10A7-B64A-48A4-8048-38D97560483E}.Debug|Any CPU.ActiveCfg = Debug|Any CPU
		{A41C10A7-B64A-48A4-8048-38D97560483E}.Debug|Any CPU.Build.0 = Debug|Any CPU
		{A41C10A7-B64A-48A4-8048-38D97560483E}.Release|Any CPU.ActiveCfg = Release|Any CPU
		{A41C10A7-B64A-48A4-8048-38D97560483E}.Release|Any CPU.Build.0 = Release|Any CPU
	EndGlobalSection
EndGlobal
