
Microsoft Visual Studio Solution File, Format Version 12.00
Project("{FAE04EC0-301F-11D3-BF4B-00C04F79EFBC}") = "DataStructures", "DataStructures\DataStructures.csproj", "{43E54162-DE92-4FE9-A7BF-4E60AFD1D4BC}"
EndProject
Project("{FAE04EC0-301F-11D3-BF4B-00C04F79EFBC}") = "LinkedList", "LinkedList\LinkedList.csproj", "{E1005797-2D92-422D-94C2-2A7652F7EC7D}"
EndProject
Global
	GlobalSection(SolutionConfigurationPlatforms) = preSolution
		Debug|Any CPU = Debug|Any CPU
		Release|Any CPU = Release|Any CPU
	EndGlobalSection
	GlobalSection(ProjectConfigurationPlatforms) = postSolution
		{43E54162-DE92-4FE9-A7BF-4E60AFD1D4BC}.Debug|Any CPU.ActiveCfg = Debug|Any CPU
		{43E54162-DE92-4FE9-A7BF-4E60AFD1D4BC}.Debug|Any CPU.Build.0 = Debug|Any CPU
		{43E54162-DE92-4FE9-A7BF-4E60AFD1D4BC}.Release|Any CPU.ActiveCfg = Release|Any CPU
		{43E54162-DE92-4FE9-A7BF-4E60AFD1D4BC}.Release|Any CPU.Build.0 = Release|Any CPU
		{E1005797-2D92-422D-94C2-2A7652F7EC7D}.Debug|Any CPU.ActiveCfg = Debug|Any CPU
		{E1005797-2D92-422D-94C2-2A7652F7EC7D}.Debug|Any CPU.Build.0 = Debug|Any CPU
		{E1005797-2D92-422D-94C2-2A7652F7EC7D}.Release|Any CPU.ActiveCfg = Release|Any CPU
		{E1005797-2D92-422D-94C2-2A7652F7EC7D}.Release|Any CPU.Build.0 = Release|Any CPU
	EndGlobalSection
EndGlobal
