
Microsoft Visual Studio Solution File, Format Version 12.00
Project("{FAE04EC0-301F-11D3-BF4B-00C04F79EFBC}") = "Language_basics", "Language_basics\Language_basics.csproj", "{700E41DD-BB69-42B4-9AE0-9B778352F87F}"
EndProject
Global
	GlobalSection(SolutionConfigurationPlatforms) = preSolution
		Debug|Any CPU = Debug|Any CPU
		Release|Any CPU = Release|Any CPU
	EndGlobalSection
	GlobalSection(ProjectConfigurationPlatforms) = postSolution
		{700E41DD-BB69-42B4-9AE0-9B778352F87F}.Debug|Any CPU.ActiveCfg = Debug|Any CPU
		{700E41DD-BB69-42B4-9AE0-9B778352F87F}.Debug|Any CPU.Build.0 = Debug|Any CPU
		{700E41DD-BB69-42B4-9AE0-9B778352F87F}.Release|Any CPU.ActiveCfg = Release|Any CPU
		{700E41DD-BB69-42B4-9AE0-9B778352F87F}.Release|Any CPU.Build.0 = Release|Any CPU
	EndGlobalSection
EndGlobal
