
Microsoft Visual Studio Solution File, Format Version 12.00
Project("{FAE04EC0-301F-11D3-BF4B-00C04F79EFBC}") = "adoNet", "adoNet\adoNet.csproj", "{C59D2833-B18B-4F1A-9181-09601A87C7E1}"
EndProject
Global
	GlobalSection(SolutionConfigurationPlatforms) = preSolution
		Debug|Any CPU = Debug|Any CPU
		Release|Any CPU = Release|Any CPU
	EndGlobalSection
	GlobalSection(ProjectConfigurationPlatforms) = postSolution
		{C59D2833-B18B-4F1A-9181-09601A87C7E1}.Debug|Any CPU.ActiveCfg = Debug|Any CPU
		{C59D2833-B18B-4F1A-9181-09601A87C7E1}.Debug|Any CPU.Build.0 = Debug|Any CPU
		{C59D2833-B18B-4F1A-9181-09601A87C7E1}.Release|Any CPU.ActiveCfg = Release|Any CPU
		{C59D2833-B18B-4F1A-9181-09601A87C7E1}.Release|Any CPU.Build.0 = Release|Any CPU
	EndGlobalSection
EndGlobal
